Microsoft Visual Studio Solution File, Format Version 12.00
# Visual Studio Version 17
VisualStudioVersion = 17.5.2.0
MinimumVisualStudioVersion = 10.0.40219.1
Project("{9A19103F-16F7-4668-BE54-9A1E7A4F7556}") = "Crypto", "Crypto\Crypto.csproj", "{D193DDC1-AC7B-63D3-2CE9-FB8ACA911710}"
EndProject
Project("{9A19103F-16F7-4668-BE54-9A1E7A4F7556}") = "Crypto.Application", "Crypto.Application\Crypto.Application.csproj", "{3CFC5784-09AA-633E-8AAC-697237F7688B}"
EndProject
Project("{9A19103F-16F7-4668-BE54-9A1E7A4F7556}") = "Crypto.Data", "Crypto.Data\Crypto.Data.csproj", "{14851D29-943B-7528-262E-4770393BCA0C}"
EndProject
Project("{9A19103F-16F7-4668-BE54-9A1E7A4F7556}") = "Crypto.Telegram", "Crypto.Telegram\Crypto.Telegram.csproj", "{9A987364-3E7C-4BF2-A849-C74355FA436E}"
EndProject
Project("{9A19103F-16F7-4668-BE54-9A1E7A4F7556}") = "Crypto.Queries", "Crypto.Queries\Crypto.Queries.csproj", "{53BFB3C2-E3BD-4642-8F85-EE78F047AD29}"
EndProject
Project("{9A19103F-16F7-4668-BE54-9A1E7A4F7556}") = "Crypto.Tests", "Crypto.Tests\Crypto.Tests.csproj", "{E6F74BA1-41D3-4F5A-B882-2F3922B34852}"
EndProject
Project("{FAE04EC0-301F-11D3-BF4B-00C04F79EFBC}") = "Crypto.Function", "Crypto.Function\Crypto.Function.csproj", "{C068425A-D7BC-4E3E-AA4C-1FD65AFE0C0E}"
	ProjectSection(ProjectDependencies) = postProject
		{14851D29-943B-7528-262E-4770393BCA0C} = {14851D29-943B-7528-262E-4770393BCA0C}
	EndProjectSection
EndProject
Global
	GlobalSection(SolutionConfigurationPlatforms) = preSolution
		Debug|Any CPU = Debug|Any CPU
		Release|Any CPU = Release|Any CPU
	EndGlobalSection
	GlobalSection(ProjectConfigurationPlatforms) = postSolution
		{D193DDC1-AC7B-63D3-2CE9-FB8ACA911710}.Debug|Any CPU.ActiveCfg = Debug|Any CPU
		{D193DDC1-AC7B-63D3-2CE9-FB8ACA911710}.Debug|Any CPU.Build.0 = Debug|Any CPU
		{D193DDC1-AC7B-63D3-2CE9-FB8ACA911710}.Release|Any CPU.ActiveCfg = Release|Any CPU
		{D193DDC1-AC7B-63D3-2CE9-FB8ACA911710}.Release|Any CPU.Build.0 = Release|Any CPU
		{3CFC5784-09AA-633E-8AAC-697237F7688B}.Debug|Any CPU.ActiveCfg = Debug|Any CPU
		{3CFC5784-09AA-633E-8AAC-697237F7688B}.Debug|Any CPU.Build.0 = Debug|Any CPU
		{3CFC5784-09AA-633E-8AAC-697237F7688B}.Release|Any CPU.ActiveCfg = Release|Any CPU
		{3CFC5784-09AA-633E-8AAC-697237F7688B}.Release|Any CPU.Build.0 = Release|Any CPU
		{14851D29-943B-7528-262E-4770393BCA0C}.Debug|Any CPU.ActiveCfg = Debug|Any CPU
		{14851D29-943B-7528-262E-4770393BCA0C}.Debug|Any CPU.Build.0 = Debug|Any CPU
		{14851D29-943B-7528-262E-4770393BCA0C}.Release|Any CPU.ActiveCfg = Release|Any CPU
		{14851D29-943B-7528-262E-4770393BCA0C}.Release|Any CPU.Build.0 = Release|Any CPU
		{9A987364-3E7C-4BF2-A849-C74355FA436E}.Debug|Any CPU.ActiveCfg = Debug|Any CPU
		{9A987364-3E7C-4BF2-A849-C74355FA436E}.Debug|Any CPU.Build.0 = Debug|Any CPU
		{9A987364-3E7C-4BF2-A849-C74355FA436E}.Release|Any CPU.ActiveCfg = Release|Any CPU
		{9A987364-3E7C-4BF2-A849-C74355FA436E}.Release|Any CPU.Build.0 = Release|Any CPU
		{53BFB3C2-E3BD-4642-8F85-EE78F047AD29}.Debug|Any CPU.ActiveCfg = Debug|Any CPU
		{53BFB3C2-E3BD-4642-8F85-EE78F047AD29}.Debug|Any CPU.Build.0 = Debug|Any CPU
		{53BFB3C2-E3BD-4642-8F85-EE78F047AD29}.Release|Any CPU.ActiveCfg = Release|Any CPU
		{53BFB3C2-E3BD-4642-8F85-EE78F047AD29}.Release|Any CPU.Build.0 = Release|Any CPU
		{E6F74BA1-41D3-4F5A-B882-2F3922B34852}.Debug|Any CPU.ActiveCfg = Debug|Any CPU
		{E6F74BA1-41D3-4F5A-B882-2F3922B34852}.Debug|Any CPU.Build.0 = Debug|Any CPU
		{E6F74BA1-41D3-4F5A-B882-2F3922B34852}.Release|Any CPU.ActiveCfg = Release|Any CPU
		{E6F74BA1-41D3-4F5A-B882-2F3922B34852}.Release|Any CPU.Build.0 = Release|Any CPU
		{C068425A-D7BC-4E3E-AA4C-1FD65AFE0C0E}.Debug|Any CPU.ActiveCfg = Debug|Any CPU
		{C068425A-D7BC-4E3E-AA4C-1FD65AFE0C0E}.Debug|Any CPU.Build.0 = Debug|Any CPU
		{C068425A-D7BC-4E3E-AA4C-1FD65AFE0C0E}.Release|Any CPU.ActiveCfg = Release|Any CPU
		{C068425A-D7BC-4E3E-AA4C-1FD65AFE0C0E}.Release|Any CPU.Build.0 = Release|Any CPU
		{D1503A01-FAA0-43F6-940A-4689B0BC8079}.Debug|Any CPU.ActiveCfg = Debug|Any CPU
		{D1503A01-FAA0-43F6-940A-4689B0BC8079}.Debug|Any CPU.Build.0 = Debug|Any CPU
		{D1503A01-FAA0-43F6-940A-4689B0BC8079}.Release|Any CPU.ActiveCfg = Release|Any CPU
		{D1503A01-FAA0-43F6-940A-4689B0BC8079}.Release|Any CPU.Build.0 = Release|Any CPU
	EndGlobalSection
	GlobalSection(SolutionProperties) = preSolution
		HideSolutionNode = FALSE
	EndGlobalSection
	GlobalSection(ExtensibilityGlobals) = postSolution
		SolutionGuid = {2ED5FC7C-7F07-4636-A9E2-F4F0F5898065}
	EndGlobalSection
EndGlobal
